Microsoft Visual Studio Solution File, Format Version 11.00
# Visual Studio 2008

Project("{9CEC7E74-6E1D-B9CA-F443-CF4B9A470759}") = "CollectionGame", "Assembly-CSharp-firstpass.csproj", "{01EF777C-ED23-813B-5752-7E176959A10B}"
EndProject
Project("{9CEC7E74-6E1D-B9CA-F443-CF4B9A470759}") = "CollectionGame", "Assembly-CSharp.csproj", "{FCF95FC0-0702-60BB-79C9-9567AF360F45}"
EndProject
Project("{9CEC7E74-6E1D-B9CA-F443-CF4B9A470759}") = "CollectionGame", "Assembly-CSharp-Editor.csproj", "{4859D6F8-520C-F309-2EEF-AEBE86A16778}"
EndProject
Global
	GlobalSection(SolutionConfigurationPlatforms) = preSolution
		Debug|Any CPU = Debug|Any CPU
		Release|Any CPU = Release|Any CPU
	EndGlobalSection
	GlobalSection(ProjectConfigurationPlatforms) = postSolution
		{01EF777C-ED23-813B-5752-7E176959A10B}.Debug|Any CPU.ActiveCfg = Debug|Any CPU
		{01EF777C-ED23-813B-5752-7E176959A10B}.Debug|Any CPU.Build.0 = Debug|Any CPU
		{01EF777C-ED23-813B-5752-7E176959A10B}.Release|Any CPU.ActiveCfg = Release|Any CPU
		{01EF777C-ED23-813B-5752-7E176959A10B}.Release|Any CPU.Build.0 = Release|Any CPU
		{FCF95FC0-0702-60BB-79C9-9567AF360F45}.Debug|Any CPU.ActiveCfg = Debug|Any CPU
		{FCF95FC0-0702-60BB-79C9-9567AF360F45}.Debug|Any CPU.Build.0 = Debug|Any CPU
		{FCF95FC0-0702-60BB-79C9-9567AF360F45}.Release|Any CPU.ActiveCfg = Release|Any CPU
		{FCF95FC0-0702-60BB-79C9-9567AF360F45}.Release|Any CPU.Build.0 = Release|Any CPU
		{4859D6F8-520C-F309-2EEF-AEBE86A16778}.Debug|Any CPU.ActiveCfg = Debug|Any CPU
		{4859D6F8-520C-F309-2EEF-AEBE86A16778}.Debug|Any CPU.Build.0 = Debug|Any CPU
		{4859D6F8-520C-F309-2EEF-AEBE86A16778}.Release|Any CPU.ActiveCfg = Release|Any CPU
		{4859D6F8-520C-F309-2EEF-AEBE86A16778}.Release|Any CPU.Build.0 = Release|Any CPU
	EndGlobalSection
	GlobalSection(SolutionProperties) = preSolution
		HideSolutionNode = FALSE
	EndGlobalSection
																														GlobalSection(MonoDevelopProperties) = preSolution
		StartupItem = Assembly-CSharp.csproj
		Policies = $0
		$0.TextStylePolicy = $1
		$1.inheritsSet = null
		$1.scope = text/x-csharp
		$0.CSharpFormattingPolicy = $2
		$2.inheritsSet = Mono
		$2.inheritsScope = text/x-csharp
		$2.scope = text/x-csharp
		$0.TextStylePolicy = $3
		$3.FileWidth = 120
		$3.TabWidth = 4
		$3.IndentWidth = 4
		$3.EolMarker = Unix
		$3.inheritsSet = Mono
		$3.inheritsScope = text/plain
		$3.scope = text/plain
	EndGlobalSection

EndGlobal
